
Microsoft Visual Studio Solution File, Format Version 12.00
# Visual Studio Version 16
VisualStudioVersion = 16.0.30611.23
MinimumVisualStudioVersion = 10.0.40219.1
Project("{FAE04EC0-301F-11D3-BF4B-00C04F79EFBC}") = "Dapper.WebApi", "Dapper.WebApi\Dapper.WebApi.csproj", "{EBCC0641-0C10-4ACC-A2B9-DB17FC7C5B1B}"
EndProject
Project("{FAE04EC0-301F-11D3-BF4B-00C04F79EFBC}") = "Dapper.Core", "Dapper.Core\Dapper.Core.csproj", "{D789328E-9DF2-47DB-ADA7-D912AB12EDFC}"
EndProject
Global
	GlobalSection(SolutionConfigurationPlatforms) = preSolution
		Debug|Any CPU = Debug|Any CPU
		Release|Any CPU = Release|Any CPU
	EndGlobalSection
	GlobalSection(ProjectConfigurationPlatforms) = postSolution
		{EBCC0641-0C10-4ACC-A2B9-DB17FC7C5B1B}.Debug|Any CPU.ActiveCfg = Debug|Any CPU
		{EBCC0641-0C10-4ACC-A2B9-DB17FC7C5B1B}.Debug|Any CPU.Build.0 = Debug|Any CPU
		{EBCC0641-0C10-4ACC-A2B9-DB17FC7C5B1B}.Release|Any CPU.ActiveCfg = Release|Any CPU
		{EBCC0641-0C10-4ACC-A2B9-DB17FC7C5B1B}.Release|Any CPU.Build.0 = Release|Any CPU
		{D789328E-9DF2-47DB-ADA7-D912AB12EDFC}.Debug|Any CPU.ActiveCfg = Debug|Any CPU
		{D789328E-9DF2-47DB-ADA7-D912AB12EDFC}.Debug|Any CPU.Build.0 = Debug|Any CPU
		{D789328E-9DF2-47DB-ADA7-D912AB12EDFC}.Release|Any CPU.ActiveCfg = Release|Any CPU
		{D789328E-9DF2-47DB-ADA7-D912AB12EDFC}.Release|Any CPU.Build.0 = Release|Any CPU
	EndGlobalSection
	GlobalSection(SolutionProperties) = preSolution
		HideSolutionNode = FALSE
	EndGlobalSection
	GlobalSection(ExtensibilityGlobals) = postSolution
		SolutionGuid = {F0821334-B1DC-4342-83EB-E20841BEB026}
	EndGlobalSection
EndGlobal
